// !$*UTF8*$!
{
	archiveVersion = 1;
	classes = {
	};
	objectVersion = 51;
	objects = {

/* Begin PBXBuildFile section */
		06EDCF1B6BD461385E9ED703 /* Pods_GoodHabits.framework in Frameworks */ = {isa = PBXBuildFile; fileRef = F3C466D54702E3C527C45BB8 /* Pods_GoodHabits.framework */; };
		CF1B87E80869BB939442867B /* Pods_GoodHabitsTests.framework in Frameworks */ = {isa = PBXBuildFile; fileRef = 4293456D5C646661E7162746 /* Pods_GoodHabitsTests.framework */; };
		FC585CED23C3FCC300B8B23A /* CalendarViewController.swift in Sources */ = {isa = PBXBuildFile; fileRef = FC585CEC23C3FCC300B8B23A /* CalendarViewController.swift */; };
		FC585CEF23C61D6600B8B23A /* DateCell.swift in Sources */ = {isa = PBXBuildFile; fileRef = FC585CEE23C61D6600B8B23A /* DateCell.swift */; };
		FC585CF123C74B3D00B8B23A /* CalendarView.swift in Sources */ = {isa = PBXBuildFile; fileRef = FC585CF023C74B3D00B8B23A /* CalendarView.swift */; };
		FC92B48423CBE31D002DAD66 /* DateHeader.swift in Sources */ = {isa = PBXBuildFile; fileRef = FC92B48323CBE31D002DAD66 /* DateHeader.swift */; };
		FC92B48723D42B1D002DAD66 /* HabitTableViewCell.swift in Sources */ = {isa = PBXBuildFile; fileRef = FC92B48623D42B1D002DAD66 /* HabitTableViewCell.swift */; };
		FCA93FD123C20AFA002BFC9C /* UIColor+Ext.swift in Sources */ = {isa = PBXBuildFile; fileRef = FCA93FD023C20AFA002BFC9C /* UIColor+Ext.swift */; };
		FCA93FD323C20EEE002BFC9C /* HabitStatus.swift in Sources */ = {isa = PBXBuildFile; fileRef = FCA93FD223C20EEE002BFC9C /* HabitStatus.swift */; };
		FCC120B823BC51530097ED27 /* CreateHabitViewController.swift in Sources */ = {isa = PBXBuildFile; fileRef = FCC120B723BC51530097ED27 /* CreateHabitViewController.swift */; };
		FCC120BA23BC5A130097ED27 /* CreateHabitView.swift in Sources */ = {isa = PBXBuildFile; fileRef = FCC120B923BC5A130097ED27 /* CreateHabitView.swift */; };
		FCC120BE23BCDEBF0097ED27 /* EmojiCollectionViewCell.swift in Sources */ = {isa = PBXBuildFile; fileRef = FCC120BD23BCDEBF0097ED27 /* EmojiCollectionViewCell.swift */; };
		FCC120C323BCE9DB0097ED27 /* Habit.swift in Sources */ = {isa = PBXBuildFile; fileRef = FCC120C223BCE9DB0097ED27 /* Habit.swift */; };
		FCDC8A1623BA538D0069BEC6 /* AppDelegate.swift in Sources */ = {isa = PBXBuildFile; fileRef = FCDC8A1523BA538D0069BEC6 /* AppDelegate.swift */; };
		FCDC8A1823BA538D0069BEC6 /* SceneDelegate.swift in Sources */ = {isa = PBXBuildFile; fileRef = FCDC8A1723BA538D0069BEC6 /* SceneDelegate.swift */; };
		FCDC8A1A23BA538D0069BEC6 /* ViewController.swift in Sources */ = {isa = PBXBuildFile; fileRef = FCDC8A1923BA538D0069BEC6 /* ViewController.swift */; };
		FCDC8A1D23BA538D0069BEC6 /* Main.storyboard in Resources */ = {isa = PBXBuildFile; fileRef = FCDC8A1B23BA538D0069BEC6 /* Main.storyboard */; };
		FCDC8A1F23BA538E0069BEC6 /* Assets.xcassets in Resources */ = {isa = PBXBuildFile; fileRef = FCDC8A1E23BA538E0069BEC6 /* Assets.xcassets */; };
		FCDC8A2223BA538E0069BEC6 /* LaunchScreen.storyboard in Resources */ = {isa = PBXBuildFile; fileRef = FCDC8A2023BA538E0069BEC6 /* LaunchScreen.storyboard */; };
		FCDC8A2D23BA538E0069BEC6 /* GoodHabitsTests.swift in Sources */ = {isa = PBXBuildFile; fileRef = FCDC8A2C23BA538E0069BEC6 /* GoodHabitsTests.swift */; };
/* End PBXBuildFile section */

/* Begin PBXContainerItemProxy section */
		FCDC8A2923BA538E0069BEC6 /* PBXContainerItemProxy */ = {
			isa = PBXContainerItemProxy;
			containerPortal = FCDC8A0A23BA538D0069BEC6 /* Project object */;
			proxyType = 1;
			remoteGlobalIDString = FCDC8A1123BA538D0069BEC6;
			remoteInfo = GoodHabits;
		};
/* End PBXContainerItemProxy section */

/* Begin PBXFileReference section */
		01BC28E4CEE47F9C31238EFD /* Pods-GoodHabits.release.xcconfig */ = {isa = PBXFileReference; includeInIndex = 1; lastKnownFileType = text.xcconfig; name = "Pods-GoodHabits.release.xcconfig"; path = "Target Support Files/Pods-GoodHabits/Pods-GoodHabits.release.xcconfig"; sourceTree = "<group>"; };
		3F519D6DF41AEA3CF6D2F048 /* Pods-GoodHabitsTests.release.xcconfig */ = {isa = PBXFileReference; includeInIndex = 1; lastKnownFileType = text.xcconfig; name = "Pods-GoodHabitsTests.release.xcconfig"; path = "Target Support Files/Pods-GoodHabitsTests/Pods-GoodHabitsTests.release.xcconfig"; sourceTree = "<group>"; };
		4293456D5C646661E7162746 /* Pods_GoodHabitsTests.framework */ = {isa = PBXFileReference; explicitFileType = wrapper.framework; includeInIndex = 0; path = Pods_GoodHabitsTests.framework; sourceTree = BUILT_PRODUCTS_DIR; };
		8914170E5C54F90DCA796EF7 /* Pods-GoodHabitsTests.debug.xcconfig */ = {isa = PBXFileReference; includeInIndex = 1; lastKnownFileType = text.xcconfig; name = "Pods-GoodHabitsTests.debug.xcconfig"; path = "Target Support Files/Pods-GoodHabitsTests/Pods-GoodHabitsTests.debug.xcconfig"; sourceTree = "<group>"; };
		D1F59FB60FD36D146A179658 /* Pods-GoodHabits.debug.xcconfig */ = {isa = PBXFileReference; includeInIndex = 1; lastKnownFileType = text.xcconfig; name = "Pods-GoodHabits.debug.xcconfig"; path = "Target Support Files/Pods-GoodHabits/Pods-GoodHabits.debug.xcconfig"; sourceTree = "<group>"; };
		F3C466D54702E3C527C45BB8 /* Pods_GoodHabits.framework */ = {isa = PBXFileReference; explicitFileType = wrapper.framework; includeInIndex = 0; path = Pods_GoodHabits.framework; sourceTree = BUILT_PRODUCTS_DIR; };
		FC585CEC23C3FCC300B8B23A /* CalendarViewController.swift */ = {isa = PBXFileReference; lastKnownFileType = sourcecode.swift; path = CalendarViewController.swift; sourceTree = "<group>"; };
		FC585CEE23C61D6600B8B23A /* DateCell.swift */ = {isa = PBXFileReference; lastKnownFileType = sourcecode.swift; path = DateCell.swift; sourceTree = "<group>"; };
		FC585CF023C74B3D00B8B23A /* CalendarView.swift */ = {isa = PBXFileReference; lastKnownFileType = sourcecode.swift; path = CalendarView.swift; sourceTree = "<group>"; };
		FC92B48323CBE31D002DAD66 /* DateHeader.swift */ = {isa = PBXFileReference; lastKnownFileType = sourcecode.swift; path = DateHeader.swift; sourceTree = "<group>"; };
		FC92B48623D42B1D002DAD66 /* HabitTableViewCell.swift */ = {isa = PBXFileReference; lastKnownFileType = sourcecode.swift; path = HabitTableViewCell.swift; sourceTree = "<group>"; };
		FCA93FD023C20AFA002BFC9C /* UIColor+Ext.swift */ = {isa = PBXFileReference; lastKnownFileType = sourcecode.swift; path = "UIColor+Ext.swift"; sourceTree = "<group>"; };
		FCA93FD223C20EEE002BFC9C /* HabitStatus.swift */ = {isa = PBXFileReference; lastKnownFileType = sourcecode.swift; path = HabitStatus.swift; sourceTree = "<group>"; };
		FCC120B723BC51530097ED27 /* CreateHabitViewController.swift */ = {isa = PBXFileReference; lastKnownFileType = sourcecode.swift; path = CreateHabitViewController.swift; sourceTree = "<group>"; };
		FCC120B923BC5A130097ED27 /* CreateHabitView.swift */ = {isa = PBXFileReference; lastKnownFileType = sourcecode.swift; path = CreateHabitView.swift; sourceTree = "<group>"; };
		FCC120BD23BCDEBF0097ED27 /* EmojiCollectionViewCell.swift */ = {isa = PBXFileReference; lastKnownFileType = sourcecode.swift; path = EmojiCollectionViewCell.swift; sourceTree = "<group>"; };
		FCC120C223BCE9DB0097ED27 /* Habit.swift */ = {isa = PBXFileReference; lastKnownFileType = sourcecode.swift; path = Habit.swift; sourceTree = "<group>"; };
		FCDC8A1223BA538D0069BEC6 /* GoodHabits.app */ = {isa = PBXFileReference; explicitFileType = wrapper.application; includeInIndex = 0; path = GoodHabits.app; sourceTree = BUILT_PRODUCTS_DIR; };
		FCDC8A1523BA538D0069BEC6 /* AppDelegate.swift */ = {isa = PBXFileReference; lastKnownFileType = sourcecode.swift; path = AppDelegate.swift; sourceTree = "<group>"; };
		FCDC8A1723BA538D0069BEC6 /* SceneDelegate.swift */ = {isa = PBXFileReference; lastKnownFileType = sourcecode.swift; path = SceneDelegate.swift; sourceTree = "<group>"; };
		FCDC8A1923BA538D0069BEC6 /* ViewController.swift */ = {isa = PBXFileReference; lastKnownFileType = sourcecode.swift; path = ViewController.swift; sourceTree = "<group>"; };
		FCDC8A1C23BA538D0069BEC6 /* Base */ = {isa = PBXFileReference; lastKnownFileType = file.storyboard; name = Base; path = Base.lproj/Main.storyboard; sourceTree = "<group>"; };
		FCDC8A1E23BA538E0069BEC6 /* Assets.xcassets */ = {isa = PBXFileReference; lastKnownFileType = folder.assetcatalog; path = Assets.xcassets; sourceTree = "<group>"; };
		FCDC8A2123BA538E0069BEC6 /* Base */ = {isa = PBXFileReference; lastKnownFileType = file.storyboard; name = Base; path = Base.lproj/LaunchScreen.storyboard; sourceTree = "<group>"; };
		FCDC8A2323BA538E0069BEC6 /* Info.plist */ = {isa = PBXFileReference; lastKnownFileType = text.plist.xml; path = Info.plist; sourceTree = "<group>"; };
		FCDC8A2823BA538E0069BEC6 /* GoodHabitsTests.xctest */ = {isa = PBXFileReference; explicitFileType = wrapper.cfbundle; includeInIndex = 0; path = GoodHabitsTests.xctest; sourceTree = BUILT_PRODUCTS_DIR; };
		FCDC8A2C23BA538E0069BEC6 /* GoodHabitsTests.swift */ = {isa = PBXFileReference; lastKnownFileType = sourcecode.swift; path = GoodHabitsTests.swift; sourceTree = "<group>"; };
		FCDC8A2E23BA538E0069BEC6 /* Info.plist */ = {isa = PBXFileReference; lastKnownFileType = text.plist.xml; path = Info.plist; sourceTree = "<group>"; };
/* End PBXFileReference section */

/* Begin PBXFrameworksBuildPhase section */
		FCDC8A0F23BA538D0069BEC6 /* Frameworks */ = {
			isa = PBXFrameworksBuildPhase;
			buildActionMask = 2147483647;
			files = (
				06EDCF1B6BD461385E9ED703 /* Pods_GoodHabits.framework in Frameworks */,
			);
			runOnlyForDeploymentPostprocessing = 0;
		};
		FCDC8A2523BA538E0069BEC6 /* Frameworks */ = {
			isa = PBXFrameworksBuildPhase;
			buildActionMask = 2147483647;
			files = (
				CF1B87E80869BB939442867B /* Pods_GoodHabitsTests.framework in Frameworks */,
			);
			runOnlyForDeploymentPostprocessing = 0;
		};
/* End PBXFrameworksBuildPhase section */

/* Begin PBXGroup section */
		31FDE8B6A99588F3671890D6 /* Pods */ = {
			isa = PBXGroup;
			children = (
				D1F59FB60FD36D146A179658 /* Pods-GoodHabits.debug.xcconfig */,
				01BC28E4CEE47F9C31238EFD /* Pods-GoodHabits.release.xcconfig */,
				8914170E5C54F90DCA796EF7 /* Pods-GoodHabitsTests.debug.xcconfig */,
				3F519D6DF41AEA3CF6D2F048 /* Pods-GoodHabitsTests.release.xcconfig */,
			);
			path = Pods;
			sourceTree = "<group>";
		};
		3C11EEFE28824B8224598E73 /* Frameworks */ = {
			isa = PBXGroup;
			children = (
				F3C466D54702E3C527C45BB8 /* Pods_GoodHabits.framework */,
				4293456D5C646661E7162746 /* Pods_GoodHabitsTests.framework */,
			);
			name = Frameworks;
			sourceTree = "<group>";
		};
		FC92B48523D42AC8002DAD66 /* Calendar */ = {
			isa = PBXGroup;
			children = (
				FC92B48323CBE31D002DAD66 /* DateHeader.swift */,
				FC585CEE23C61D6600B8B23A /* DateCell.swift */,
				FC585CF023C74B3D00B8B23A /* CalendarView.swift */,
			);
			path = Calendar;
			sourceTree = "<group>";
		};
		FCA93FCF23C20AE1002BFC9C /* Extension */ = {
			isa = PBXGroup;
			children = (
				FCA93FD023C20AFA002BFC9C /* UIColor+Ext.swift */,
			);
			path = Extension;
			sourceTree = "<group>";
		};
		FCC120BF23BCE9980097ED27 /* View */ = {
			isa = PBXGroup;
			children = (
				FC92B48523D42AC8002DAD66 /* Calendar */,
				FCC120BD23BCDEBF0097ED27 /* EmojiCollectionViewCell.swift */,
				FCC120B923BC5A130097ED27 /* CreateHabitView.swift */,
				FC92B48623D42B1D002DAD66 /* HabitTableViewCell.swift */,
			);
			path = View;
			sourceTree = "<group>";
		};
		FCC120C023BCE9AD0097ED27 /* Controller */ = {
			isa = PBXGroup;
			children = (
				FCDC8A1923BA538D0069BEC6 /* ViewController.swift */,
				FCC120B723BC51530097ED27 /* CreateHabitViewController.swift */,
				FC585CEC23C3FCC300B8B23A /* CalendarViewController.swift */,
			);
			path = Controller;
			sourceTree = "<group>";
		};
		FCC120C123BCE9C10097ED27 /* Entity */ = {
			isa = PBXGroup;
			children = (
				FCC120C223BCE9DB0097ED27 /* Habit.swift */,
				FCA93FD223C20EEE002BFC9C /* HabitStatus.swift */,
			);
			path = Entity;
			sourceTree = "<group>";
		};
		FCDC8A0923BA538D0069BEC6 = {
			isa = PBXGroup;
			children = (
				FCDC8A1423BA538D0069BEC6 /* GoodHabits */,
				FCDC8A2B23BA538E0069BEC6 /* GoodHabitsTests */,
				FCDC8A1323BA538D0069BEC6 /* Products */,
				31FDE8B6A99588F3671890D6 /* Pods */,
				3C11EEFE28824B8224598E73 /* Frameworks */,
			);
			sourceTree = "<group>";
		};
		FCDC8A1323BA538D0069BEC6 /* Products */ = {
			isa = PBXGroup;
			children = (
				FCDC8A1223BA538D0069BEC6 /* GoodHabits.app */,
				FCDC8A2823BA538E0069BEC6 /* GoodHabitsTests.xctest */,
			);
			name = Products;
			sourceTree = "<group>";
		};
		FCDC8A1423BA538D0069BEC6 /* GoodHabits */ = {
			isa = PBXGroup;
			children = (
				FCA93FCF23C20AE1002BFC9C /* Extension */,
				FCC120C123BCE9C10097ED27 /* Entity */,
				FCC120C023BCE9AD0097ED27 /* Controller */,
				FCC120BF23BCE9980097ED27 /* View */,
				FCDC8A1523BA538D0069BEC6 /* AppDelegate.swift */,
				FCDC8A1723BA538D0069BEC6 /* SceneDelegate.swift */,
				FCDC8A1B23BA538D0069BEC6 /* Main.storyboard */,
				FCDC8A1E23BA538E0069BEC6 /* Assets.xcassets */,
				FCDC8A2023BA538E0069BEC6 /* LaunchScreen.storyboard */,
				FCDC8A2323BA538E0069BEC6 /* Info.plist */,
			);
			path = GoodHabits;
			sourceTree = "<group>";
		};
		FCDC8A2B23BA538E0069BEC6 /* GoodHabitsTests */ = {
			isa = PBXGroup;
			children = (
				FCDC8A2C23BA538E0069BEC6 /* GoodHabitsTests.swift */,
				FCDC8A2E23BA538E0069BEC6 /* Info.plist */,
			);
			path = GoodHabitsTests;
			sourceTree = "<group>";
		};
/* End PBXGroup section */

/* Begin PBXNativeTarget section */
		FCDC8A1123BA538D0069BEC6 /* GoodHabits */ = {
			isa = PBXNativeTarget;
			buildConfigurationList = FCDC8A3123BA538E0069BEC6 /* Build configuration list for PBXNativeTarget "GoodHabits" */;
			buildPhases = (
				C57A6EBF60597DFEE640CBE7 /* [CP] Check Pods Manifest.lock */,
				FCDC8A0E23BA538D0069BEC6 /* Sources */,
				FCDC8A0F23BA538D0069BEC6 /* Frameworks */,
				FCDC8A1023BA538D0069BEC6 /* Resources */,
				2522B327D7EE122079F05A34 /* [CP] Embed Pods Frameworks */,
			);
			buildRules = (
			);
			dependencies = (
			);
			name = GoodHabits;
			productName = GoodHabits;
			productReference = FCDC8A1223BA538D0069BEC6 /* GoodHabits.app */;
			productType = "com.apple.product-type.application";
		};
		FCDC8A2723BA538E0069BEC6 /* GoodHabitsTests */ = {
			isa = PBXNativeTarget;
			buildConfigurationList = FCDC8A3423BA538E0069BEC6 /* Build configuration list for PBXNativeTarget "GoodHabitsTests" */;
			buildPhases = (
				644FB8EA81C500418760EAAB /* [CP] Check Pods Manifest.lock */,
				FCDC8A2423BA538E0069BEC6 /* Sources */,
				FCDC8A2523BA538E0069BEC6 /* Frameworks */,
				FCDC8A2623BA538E0069BEC6 /* Resources */,
			);
			buildRules = (
			);
			dependencies = (
				FCDC8A2A23BA538E0069BEC6 /* PBXTargetDependency */,
			);
			name = GoodHabitsTests;
			productName = GoodHabitsTests;
			productReference = FCDC8A2823BA538E0069BEC6 /* GoodHabitsTests.xctest */;
			productType = "com.apple.product-type.bundle.unit-test";
		};
/* End PBXNativeTarget section */

/* Begin PBXProject section */
		FCDC8A0A23BA538D0069BEC6 /* Project object */ = {
			isa = PBXProject;
			attributes = {
				LastSwiftUpdateCheck = 1120;
				LastUpgradeCheck = 1120;
				ORGANIZATIONNAME = "Bing Guo";
				TargetAttributes = {
					FCDC8A1123BA538D0069BEC6 = {
						CreatedOnToolsVersion = 11.2.1;
					};
					FCDC8A2723BA538E0069BEC6 = {
						CreatedOnToolsVersion = 11.2.1;
						TestTargetID = FCDC8A1123BA538D0069BEC6;
					};
				};
			};
			buildConfigurationList = FCDC8A0D23BA538D0069BEC6 /* Build configuration list for PBXProject "GoodHabits" */;
			compatibilityVersion = "Xcode 9.3";
			developmentRegion = en;
			hasScannedForEncodings = 0;
			knownRegions = (
				en,
				Base,
			);
			mainGroup = FCDC8A0923BA538D0069BEC6;
			productRefGroup = FCDC8A1323BA538D0069BEC6 /* Products */;
			projectDirPath = "";
			projectRoot = "";
			targets = (
				FCDC8A1123BA538D0069BEC6 /* GoodHabits */,
				FCDC8A2723BA538E0069BEC6 /* GoodHabitsTests */,
			);
		};
/* End PBXProject section */

/* Begin PBXResourcesBuildPhase section */
		FCDC8A1023BA538D0069BEC6 /* Resources */ = {
			isa = PBXResourcesBuildPhase;
			buildActionMask = 2147483647;
			files = (
				FCDC8A2223BA538E0069BEC6 /* LaunchScreen.storyboard in Resources */,
				FCDC8A1F23BA538E0069BEC6 /* Assets.xcassets in Resources */,
				FCDC8A1D23BA538D0069BEC6 /* Main.storyboard in Resources */,
			);
			runOnlyForDeploymentPostprocessing = 0;
		};
		FCDC8A2623BA538E0069BEC6 /* Resources */ = {
			isa = PBXResourcesBuildPhase;
			buildActionMask = 2147483647;
			files = (
			);
			runOnlyForDeploymentPostprocessing = 0;
		};
/* End PBXResourcesBuildPhase section */

/* Begin PBXShellScriptBuildPhase section */
		2522B327D7EE122079F05A34 /* [CP] Embed Pods Frameworks */ = {
			isa = PBXShellScriptBuildPhase;
			buildActionMask = 2147483647;
			files = (
			);
			inputFileListPaths = (
				"${PODS_ROOT}/Target Support Files/Pods-GoodHabits/Pods-GoodHabits-frameworks-${CONFIGURATION}-input-files.xcfilelist",
			);
			name = "[CP] Embed Pods Frameworks";
			outputFileListPaths = (
				"${PODS_ROOT}/Target Support Files/Pods-GoodHabits/Pods-GoodHabits-frameworks-${CONFIGURATION}-output-files.xcfilelist",
			);
			runOnlyForDeploymentPostprocessing = 0;
			shellPath = /bin/sh;
			shellScript = "\"${PODS_ROOT}/Target Support Files/Pods-GoodHabits/Pods-GoodHabits-frameworks.sh\"\n";
			showEnvVarsInLog = 0;
		};
		644FB8EA81C500418760EAAB /* [CP] Check Pods Manifest.lock */ = {
			isa = PBXShellScriptBuildPhase;
			buildActionMask = 2147483647;
			files = (
			);
			inputFileListPaths = (
			);
			inputPaths = (
				"${PODS_PODFILE_DIR_PATH}/Podfile.lock",
				"${PODS_ROOT}/Manifest.lock",
			);
			name = "[CP] Check Pods Manifest.lock";
			outputFileListPaths = (
			);
			outputPaths = (
				"$(DERIVED_FILE_DIR)/Pods-GoodHabitsTests-checkManifestLockResult.txt",
			);
			runOnlyForDeploymentPostprocessing = 0;
			shellPath = /bin/sh;
			shellScript = "diff \"${PODS_PODFILE_DIR_PATH}/Podfile.lock\" \"${PODS_ROOT}/Manifest.lock\" > /dev/null\nif [ $? != 0 ] ; then\n    # print error to STDERR\n    echo \"error: The sandbox is not in sync with the Podfile.lock. Run 'pod install' or update your CocoaPods installation.\" >&2\n    exit 1\nfi\n# This output is used by Xcode 'outputs' to avoid re-running this script phase.\necho \"SUCCESS\" > \"${SCRIPT_OUTPUT_FILE_0}\"\n";
			showEnvVarsInLog = 0;
		};
		C57A6EBF60597DFEE640CBE7 /* [CP] Check Pods Manifest.lock */ = {
			isa = PBXShellScriptBuildPhase;
			buildActionMask = 2147483647;
			files = (
			);
			inputFileListPaths = (
			);
			inputPaths = (
				"${PODS_PODFILE_DIR_PATH}/Podfile.lock",
				"${PODS_ROOT}/Manifest.lock",
			);
			name = "[CP] Check Pods Manifest.lock";
			outputFileListPaths = (
			);
			outputPaths = (
				"$(DERIVED_FILE_DIR)/Pods-GoodHabits-checkManifestLockResult.txt",
			);
			runOnlyForDeploymentPostprocessing = 0;
			shellPath = /bin/sh;
			shellScript = "diff \"${PODS_PODFILE_DIR_PATH}/Podfile.lock\" \"${PODS_ROOT}/Manifest.lock\" > /dev/null\nif [ $? != 0 ] ; then\n    # print error to STDERR\n    echo \"error: The sandbox is not in sync with the Podfile.lock. Run 'pod install' or update your CocoaPods installation.\" >&2\n    exit 1\nfi\n# This output is used by Xcode 'outputs' to avoid re-running this script phase.\necho \"SUCCESS\" > \"${SCRIPT_OUTPUT_FILE_0}\"\n";
			showEnvVarsInLog = 0;
		};
/* End PBXShellScriptBuildPhase section */

/* Begin PBXSourcesBuildPhase section */
		FCDC8A0E23BA538D0069BEC6 /* Sources */ = {
			isa = PBXSourcesBuildPhase;
			buildActionMask = 2147483647;
			files = (
				FCDC8A1A23BA538D0069BEC6 /* ViewController.swift in Sources */,
				FCC120B823BC51530097ED27 /* CreateHabitViewController.swift in Sources */,
				FC585CF123C74B3D00B8B23A /* CalendarView.swift in Sources */,
				FC585CED23C3FCC300B8B23A /* CalendarViewController.swift in Sources */,
				FCC120BA23BC5A130097ED27 /* CreateHabitView.swift in Sources */,
				FC92B48423CBE31D002DAD66 /* DateHeader.swift in Sources */,
				FCC120C323BCE9DB0097ED27 /* Habit.swift in Sources */,
				FCC120BE23BCDEBF0097ED27 /* EmojiCollectionViewCell.swift in Sources */,
				FC585CEF23C61D6600B8B23A /* DateCell.swift in Sources */,
				FCA93FD123C20AFA002BFC9C /* UIColor+Ext.swift in Sources */,
				FCDC8A1623BA538D0069BEC6 /* AppDelegate.swift in Sources */,
				FCDC8A1823BA538D0069BEC6 /* SceneDelegate.swift in Sources */,
				FC92B48723D42B1D002DAD66 /* HabitTableViewCell.swift in Sources */,
				FCA93FD323C20EEE002BFC9C /* HabitStatus.swift in Sources */,
			);
			runOnlyForDeploymentPostprocessing = 0;
		};
		FCDC8A2423BA538E0069BEC6 /* Sources */ = {
			isa = PBXSourcesBuildPhase;
			buildActionMask = 2147483647;
			files = (
				FCDC8A2D23BA538E0069BEC6 /* GoodHabitsTests.swift in Sources */,
			);
			runOnlyForDeploymentPostprocessing = 0;
		};
/* End PBXSourcesBuildPhase section */

/* Begin PBXTargetDependency section */
		FCDC8A2A23BA538E0069BEC6 /* PBXTargetDependency */ = {
			isa = PBXTargetDependency;
			target = FCDC8A1123BA538D0069BEC6 /* GoodHabits */;
			targetProxy = FCDC8A2923BA538E0069BEC6 /* PBXContainerItemProxy */;
		};
/* End PBXTargetDependency section */

/* Begin PBXVariantGroup section */
		FCDC8A1B23BA538D0069BEC6 /* Main.storyboard */ = {
			isa = PBXVariantGroup;
			children = (
				FCDC8A1C23BA538D0069BEC6 /* Base */,
			);
			name = Main.storyboard;
			sourceTree = "<group>";
		};
		FCDC8A2023BA538E0069BEC6 /* LaunchScreen.storyboard */ = {
			isa = PBXVariantGroup;
			children = (
				FCDC8A2123BA538E0069BEC6 /* Base */,
			);
			name = LaunchScreen.storyboard;
			sourceTree = "<group>";
		};
/* End PBXVariantGroup section */

/* Begin XCBuildConfiguration section */
		FCDC8A2F23BA538E0069BEC6 /* Debug */ = {
			isa = XCBuildConfiguration;
			buildSettings = {
				ALWAYS_SEARCH_USER_PATHS = NO;
				CLANG_ANALYZER_NONNULL = YES;
				CLANG_ANALYZER_NUMBER_OBJECT_CONVERSION = YES_AGGRESSIVE;
				CLANG_CXX_LANGUAGE_STANDARD = "gnu++14";
				CLANG_CXX_LIBRARY = "libc++";
				CLANG_ENABLE_MODULES = YES;
				CLANG_ENABLE_OBJC_ARC = YES;
				CLANG_ENABLE_OBJC_WEAK = YES;
				CLANG_WARN_BLOCK_CAPTURE_AUTORELEASING = YES;
				CLANG_WARN_BOOL_CONVERSION = YES;
				CLANG_WARN_COMMA = YES;
				CLANG_WARN_CONSTANT_CONVERSION = YES;
				CLANG_WARN_DEPRECATED_OBJC_IMPLEMENTATIONS = YES;
				CLANG_WARN_DIRECT_OBJC_ISA_USAGE = YES_ERROR;
				CLANG_WARN_DOCUMENTATION_COMMENTS = YES;
				CLANG_WARN_EMPTY_BODY = YES;
				CLANG_WARN_ENUM_CONVERSION = YES;
				CLANG_WARN_INFINITE_RECURSION = YES;
				CLANG_WARN_INT_CONVERSION = YES;
				CLANG_WARN_NON_LITERAL_NULL_CONVERSION = YES;
				CLANG_WARN_OBJC_IMPLICIT_RETAIN_SELF = YES;
				CLANG_WARN_OBJC_LITERAL_CONVERSION = YES;
				CLANG_WARN_OBJC_ROOT_CLASS = YES_ERROR;
				CLANG_WARN_RANGE_LOOP_ANALYSIS = YES;
				CLANG_WARN_STRICT_PROTOTYPES = YES;
				CLANG_WARN_SUSPICIOUS_MOVE = YES;
				CLANG_WARN_UNGUARDED_AVAILABILITY = YES_AGGRESSIVE;
				CLANG_WARN_UNREACHABLE_CODE = YES;
				CLANG_WARN__DUPLICATE_METHOD_MATCH = YES;
				COPY_PHASE_STRIP = NO;
				DEBUG_INFORMATION_FORMAT = dwarf;
				ENABLE_STRICT_OBJC_MSGSEND = YES;
				ENABLE_TESTABILITY = YES;
				GCC_C_LANGUAGE_STANDARD = gnu11;
				GCC_DYNAMIC_NO_PIC = NO;
				GCC_NO_COMMON_BLOCKS = YES;
				GCC_OPTIMIZATION_LEVEL = 0;
				GCC_PREPROCESSOR_DEFINITIONS = (
					"DEBUG=1",
					"$(inherited)",
				);
				GCC_WARN_64_TO_32_BIT_CONVERSION = YES;
				GCC_WARN_ABOUT_RETURN_TYPE = YES_ERROR;
				GCC_WARN_UNDECLARED_SELECTOR = YES;
				GCC_WARN_UNINITIALIZED_AUTOS = YES_AGGRESSIVE;
				GCC_WARN_UNUSED_FUNCTION = YES;
				GCC_WARN_UNUSED_VARIABLE = YES;
				IPHONEOS_DEPLOYMENT_TARGET = 13.2;
				MTL_ENABLE_DEBUG_INFO = INCLUDE_SOURCE;
				MTL_FAST_MATH = YES;
				ONLY_ACTIVE_ARCH = YES;
				SDKROOT = iphoneos;
				SWIFT_ACTIVE_COMPILATION_CONDITIONS = DEBUG;
				SWIFT_OPTIMIZATION_LEVEL = "-Onone";
			};
			name = Debug;
		};
		FCDC8A3023BA538E0069BEC6 /* Release */ = {
			isa = XCBuildConfiguration;
			buildSettings = {
				ALWAYS_SEARCH_USER_PATHS = NO;
				CLANG_ANALYZER_NONNULL = YES;
				CLANG_ANALYZER_NUMBER_OBJECT_CONVERSION = YES_AGGRESSIVE;
				CLANG_CXX_LANGUAGE_STANDARD = "gnu++14";
				CLANG_CXX_LIBRARY = "libc++";
				CLANG_ENABLE_MODULES = YES;
				CLANG_ENABLE_OBJC_ARC = YES;
				CLANG_ENABLE_OBJC_WEAK = YES;
				CLANG_WARN_BLOCK_CAPTURE_AUTORELEASING = YES;
				CLANG_WARN_BOOL_CONVERSION = YES;
				CLANG_WARN_COMMA = YES;
				CLANG_WARN_CONSTANT_CONVERSION = YES;
				CLANG_WARN_DEPRECATED_OBJC_IMPLEMENTATIONS = YES;
				CLANG_WARN_DIRECT_OBJC_ISA_USAGE = YES_ERROR;
				CLANG_WARN_DOCUMENTATION_COMMENTS = YES;
				CLANG_WARN_EMPTY_BODY = YES;
				CLANG_WARN_ENUM_CONVERSION = YES;
				CLANG_WARN_INFINITE_RECURSION = YES;
				CLANG_WARN_INT_CONVERSION = YES;
				CLANG_WARN_NON_LITERAL_NULL_CONVERSION = YES;
				CLANG_WARN_OBJC_IMPLICIT_RETAIN_SELF = YES;
				CLANG_WARN_OBJC_LITERAL_CONVERSION = YES;
				CLANG_WARN_OBJC_ROOT_CLASS = YES_ERROR;
				CLANG_WARN_RANGE_LOOP_ANALYSIS = YES;
				CLANG_WARN_STRICT_PROTOTYPES = YES;
				CLANG_WARN_SUSPICIOUS_MOVE = YES;
				CLANG_WARN_UNGUARDED_AVAILABILITY = YES_AGGRESSIVE;
				CLANG_WARN_UNREACHABLE_CODE = YES;
				CLANG_WARN__DUPLICATE_METHOD_MATCH = YES;
				COPY_PHASE_STRIP = NO;
				DEBUG_INFORMATION_FORMAT = "dwarf-with-dsym";
				ENABLE_NS_ASSERTIONS = NO;
				ENABLE_STRICT_OBJC_MSGSEND = YES;
				GCC_C_LANGUAGE_STANDARD = gnu11;
				GCC_NO_COMMON_BLOCKS = YES;
				GCC_WARN_64_TO_32_BIT_CONVERSION = YES;
				GCC_WARN_ABOUT_RETURN_TYPE = YES_ERROR;
				GCC_WARN_UNDECLARED_SELECTOR = YES;
				GCC_WARN_UNINITIALIZED_AUTOS = YES_AGGRESSIVE;
				GCC_WARN_UNUSED_FUNCTION = YES;
				GCC_WARN_UNUSED_VARIABLE = YES;
				IPHONEOS_DEPLOYMENT_TARGET = 13.2;
				MTL_ENABLE_DEBUG_INFO = NO;
				MTL_FAST_MATH = YES;
				SDKROOT = iphoneos;
				SWIFT_COMPILATION_MODE = wholemodule;
				SWIFT_OPTIMIZATION_LEVEL = "-O";
				VALIDATE_PRODUCT = YES;
			};
			name = Release;
		};
		FCDC8A3223BA538E0069BEC6 /* Debug */ = {
			isa = XCBuildConfiguration;
			baseConfigurationReference = D1F59FB60FD36D146A179658 /* Pods-GoodHabits.debug.xcconfig */;
			buildSettings = {
				ASSETCATALOG_COMPILER_APPICON_NAME = AppIcon;
				CODE_SIGN_STYLE = Automatic;
				INFOPLIST_FILE = GoodHabits/Info.plist;
				LD_RUNPATH_SEARCH_PATHS = (
					"$(inherited)",
					"@executable_path/Frameworks",
				);
				PRODUCT_BUNDLE_IDENTIFIER = com.bing.GoodHabits;
				PRODUCT_NAME = "$(TARGET_NAME)";
				SWIFT_VERSION = 5.0;
				TARGETED_DEVICE_FAMILY = "1,2";
			};
			name = Debug;
		};
		FCDC8A3323BA538E0069BEC6 /* Release */ = {
			isa = XCBuildConfiguration;
			baseConfigurationReference = 01BC28E4CEE47F9C31238EFD /* Pods-GoodHabits.release.xcconfig */;
			buildSettings = {
				ASSETCATALOG_COMPILER_APPICON_NAME = AppIcon;
				CODE_SIGN_STYLE = Automatic;
				INFOPLIST_FILE = GoodHabits/Info.plist;
				LD_RUNPATH_SEARCH_PATHS = (
					"$(inherited)",
					"@executable_path/Frameworks",
				);
				PRODUCT_BUNDLE_IDENTIFIER = com.bing.GoodHabits;
				PRODUCT_NAME = "$(TARGET_NAME)";
				SWIFT_VERSION = 5.0;
				TARGETED_DEVICE_FAMILY = "1,2";
			};
			name = Release;
		};
		FCDC8A3523BA538E0069BEC6 /* Debug */ = {
			isa = XCBuildConfiguration;
			baseConfigurationReference = 8914170E5C54F90DCA796EF7 /* Pods-GoodHabitsTests.debug.xcconfig */;
			buildSettings = {
				ALWAYS_EMBED_SWIFT_STANDARD_LIBRARIES = YES;
				BUNDLE_LOADER = "$(TEST_HOST)";
				CODE_SIGN_STYLE = Automatic;
				INFOPLIST_FILE = GoodHabitsTests/Info.plist;
				IPHONEOS_DEPLOYMENT_TARGET = 13.2;
				LD_RUNPATH_SEARCH_PATHS = (
					"$(inherited)",
					"@executable_path/Frameworks",
					"@loader_path/Frameworks",
				);
				PRODUCT_BUNDLE_IDENTIFIER = com.bing.GoodHabitsTests;
				PRODUCT_NAME = "$(TARGET_NAME)";
				SWIFT_VERSION = 5.0;
				TARGETED_DEVICE_FAMILY = "1,2";
				TEST_HOST = "$(BUILT_PRODUCTS_DIR)/GoodHabits.app/GoodHabits";
			};
			name = Debug;
		};
		FCDC8A3623BA538E0069BEC6 /* Release */ = {
			isa = XCBuildConfiguration;
			baseConfigurationReference = 3F519D6DF41AEA3CF6D2F048 /* Pods-GoodHabitsTests.release.xcconfig */;
			buildSettings = {
				ALWAYS_EMBED_SWIFT_STANDARD_LIBRARIES = YES;
				BUNDLE_LOADER = "$(TEST_HOST)";
				CODE_SIGN_STYLE = Automatic;
				INFOPLIST_FILE = GoodHabitsTests/Info.plist;
				IPHONEOS_DEPLOYMENT_TARGET = 13.2;
				LD_RUNPATH_SEARCH_PATHS = (
					"$(inherited)",
					"@executable_path/Frameworks",
					"@loader_path/Frameworks",
				);
				PRODUCT_BUNDLE_IDENTIFIER = com.bing.GoodHabitsTests;
				PRODUCT_NAME = "$(TARGET_NAME)";
				SWIFT_VERSION = 5.0;
				TARGETED_DEVICE_FAMILY = "1,2";
				TEST_HOST = "$(BUILT_PRODUCTS_DIR)/GoodHabits.app/GoodHabits";
			};
			name = Release;
		};
/* End XCBuildConfiguration section */

/* Begin XCConfigurationList section */
		FCDC8A0D23BA538D0069BEC6 /* Build configuration list for PBXProject "GoodHabits" */ = {
			isa = XCConfigurationList;
			buildConfigurations = (
				FCDC8A2F23BA538E0069BEC6 /* Debug */,
				FCDC8A3023BA538E0069BEC6 /* Release */,
			);
			defaultConfigurationIsVisible = 0;
			defaultConfigurationName = Release;
		};
		FCDC8A3123BA538E0069BEC6 /* Build configuration list for PBXNativeTarget "GoodHabits" */ = {
			isa = XCConfigurationList;
			buildConfigurations = (
				FCDC8A3223BA538E0069BEC6 /* Debug */,
				FCDC8A3323BA538E0069BEC6 /* Release */,
			);
			defaultConfigurationIsVisible = 0;
			defaultConfigurationName = Release;
		};
		FCDC8A3423BA538E0069BEC6 /* Build configuration list for PBXNativeTarget "GoodHabitsTests" */ = {
			isa = XCConfigurationList;
			buildConfigurations = (
				FCDC8A3523BA538E0069BEC6 /* Debug */,
				FCDC8A3623BA538E0069BEC6 /* Release */,
			);
			defaultConfigurationIsVisible = 0;
			defaultConfigurationName = Release;
		};
/* End XCConfigurationList section */
	};
	rootObject = FCDC8A0A23BA538D0069BEC6 /* Project object */;
}
